
Microsoft Visual Studio Solution File, Format Version 12.00
# Visual Studio Version 17
VisualStudioVersion = 17.4.33403.182
MinimumVisualStudioVersion = 10.0.40219.1
Project("{FAE04EC0-301F-11D3-BF4B-00C04F79EFBC}") = "Max4", "Max4\Max4.csproj", "{B90BEB57-CCFA-41BF-9692-049FF16D0169}"
EndProject
Global
	GlobalSection(SolutionConfigurationPlatforms) = preSolution
		Debug|Any CPU = Debug|Any CPU
		Release|Any CPU = Release|Any CPU
	EndGlobalSection
	GlobalSection(ProjectConfigurationPlatforms) = postSolution
		{B90BEB57-CCFA-41BF-9692-049FF16D0169}.Debug|Any CPU.ActiveCfg = Debug|Any CPU
		{B90BEB57-CCFA-41BF-9692-049FF16D0169}.Debug|Any CPU.Build.0 = Debug|Any CPU
		{B90BEB57-CCFA-41BF-9692-049FF16D0169}.Release|Any CPU.ActiveCfg = Release|Any CPU
		{B90BEB57-CCFA-41BF-9692-049FF16D0169}.Release|Any CPU.Build.0 = Release|Any CPU
	EndGlobalSection
	GlobalSection(SolutionProperties) = preSolution
		HideSolutionNode = FALSE
	EndGlobalSection
	GlobalSection(ExtensibilityGlobals) = postSolution
		SolutionGuid = {84D973EC-03C9-47D4-A2F4-12435C65A582}
	EndGlobalSection
EndGlobal
